
Microsoft Visual Studio Solution File, Format Version 12.00
# Visual Studio Version 17
VisualStudioVersion = 17.5.002.0
MinimumVisualStudioVersion = 10.0.40219.1
Project("{2150E333-8FDC-42A3-9474-1A3956D46DE8}") = "src", "src", "{2E7513A9-77EC-430E-B6DC-5A71C0B154A1}"
EndProject
Project("{9A19103F-16F7-4668-BE54-9A1E7A4F7556}") = "Tadawi", "src\backend\Tadawi.csproj", "{378EF643-C9D3-404F-8DAB-9EF01A96676F}"
EndProject
Global
	GlobalSection(SolutionConfigurationPlatforms) = preSolution
		Debug|Any CPU = Debug|Any CPU
		Release|Any CPU = Release|Any CPU
	EndGlobalSection
	GlobalSection(ProjectConfigurationPlatforms) = postSolution
		{378EF643-C9D3-404F-8DAB-9EF01A96676F}.Debug|Any CPU.ActiveCfg = Debug|Any CPU
		{378EF643-C9D3-404F-8DAB-9EF01A96676F}.Debug|Any CPU.Build.0 = Debug|Any CPU
		{378EF643-C9D3-404F-8DAB-9EF01A96676F}.Release|Any CPU.ActiveCfg = Release|Any CPU
		{378EF643-C9D3-404F-8DAB-9EF01A96676F}.Release|Any CPU.Build.0 = Release|Any CPU
	EndGlobalSection
	GlobalSection(SolutionProperties) = preSolution
		HideSolutionNode = FALSE
	EndGlobalSection
	GlobalSection(NestedProjects) = preSolution
		{378EF643-C9D3-404F-8DAB-9EF01A96676F} = {2E7513A9-77EC-430E-B6DC-5A71C0B154A1}
	EndGlobalSection
	GlobalSection(ExtensibilityGlobals) = postSolution
		SolutionGuid = {DA49753F-823E-44C9-A3E5-2C8AB4C6FF94}
	EndGlobalSection
EndGlobal
